// !$*UTF8*$!
{
	archiveVersion = 1;
	classes = {
	};
	objectVersion = 50;
	objects = {

/* Begin PBXBuildFile section */
		CDCE0B2720BC1FAA0084A21D /* AppDelegate.m in Sources */ = {isa = PBXBuildFile; fileRef = CDCE0B2620BC1FAA0084A21D /* AppDelegate.m */; };
		CDCE0B2A20BC1FAA0084A21D /* ViewController.m in Sources */ = {isa = PBXBuildFile; fileRef = CDCE0B2920BC1FAA0084A21D /* ViewController.m */; };
		CDCE0B2D20BC1FAA0084A21D /* Main.storyboard in Resources */ = {isa = PBXBuildFile; fileRef = CDCE0B2B20BC1FAA0084A21D /* Main.storyboard */; };
		CDCE0B2F20BC1FAB0084A21D /* Assets.xcassets in Resources */ = {isa = PBXBuildFile; fileRef = CDCE0B2E20BC1FAB0084A21D /* Assets.xcassets */; };
		CDCE0B3220BC1FAB0084A21D /* LaunchScreen.storyboard in Resources */ = {isa = PBXBuildFile; fileRef = CDCE0B3020BC1FAB0084A21D /* LaunchScreen.storyboard */; };
		CDCE0B3520BC1FAB0084A21D /* main.m in Sources */ = {isa = PBXBuildFile; fileRef = CDCE0B3420BC1FAB0084A21D /* main.m */; };
		CDCE0B3E20BC200C0084A21D /* UIViewController+AXDrawerKit.m in Sources */ = {isa = PBXBuildFile; fileRef = CDCE0B3C20BC200C0084A21D /* UIViewController+AXDrawerKit.m */; };
/* End PBXBuildFile section */

/* Begin PBXFileReference section */
		CDCE0B2220BC1FAA0084A21D /* AXDrawerKit.app */ = {isa = PBXFileReference; explicitFileType = wrapper.application; includeInIndex = 0; path = AXDrawerKit.app; sourceTree = BUILT_PRODUCTS_DIR; };
		CDCE0B2520BC1FAA0084A21D /* AppDelegate.h */ = {isa = PBXFileReference; lastKnownFileType = sourcecode.c.h; path = AppDelegate.h; sourceTree = "<group>"; };
		CDCE0B2620BC1FAA0084A21D /* AppDelegate.m */ = {isa = PBXFileReference; lastKnownFileType = sourcecode.c.objc; path = AppDelegate.m; sourceTree = "<group>"; };
		CDCE0B2820BC1FAA0084A21D /* ViewController.h */ = {isa = PBXFileReference; lastKnownFileType = sourcecode.c.h; path = ViewController.h; sourceTree = "<group>"; };
		CDCE0B2920BC1FAA0084A21D /* ViewController.m */ = {isa = PBXFileReference; lastKnownFileType = sourcecode.c.objc; path = ViewController.m; sourceTree = "<group>"; };
		CDCE0B2C20BC1FAA0084A21D /* Base */ = {isa = PBXFileReference; lastKnownFileType = file.storyboard; name = Base; path = Base.lproj/Main.storyboard; sourceTree = "<group>"; };
		CDCE0B2E20BC1FAB0084A21D /* Assets.xcassets */ = {isa = PBXFileReference; lastKnownFileType = folder.assetcatalog; path = Assets.xcassets; sourceTree = "<group>"; };
		CDCE0B3120BC1FAB0084A21D /* Base */ = {isa = PBXFileReference; lastKnownFileType = file.storyboard; name = Base; path = Base.lproj/LaunchScreen.storyboard; sourceTree = "<group>"; };
		CDCE0B3320BC1FAB0084A21D /* Info.plist */ = {isa = PBXFileReference; lastKnownFileType = text.plist.xml; path = Info.plist; sourceTree = "<group>"; };
		CDCE0B3420BC1FAB0084A21D /* main.m */ = {isa = PBXFileReference; lastKnownFileType = sourcecode.c.objc; path = main.m; sourceTree = "<group>"; };
		CDCE0B3C20BC200C0084A21D /* UIViewController+AXDrawerKit.m */ = {isa = PBXFileReference; fileEncoding = 4; lastKnownFileType = sourcecode.c.objc; path = "UIViewController+AXDrawerKit.m"; sourceTree = "<group>"; };
		CDCE0B3D20BC200C0084A21D /* UIViewController+AXDrawerKit.h */ = {isa = PBXFileReference; fileEncoding = 4; lastKnownFileType = sourcecode.c.h; path = "UIViewController+AXDrawerKit.h"; sourceTree = "<group>"; };
		CDCE0B3F20BC20200084A21D /* AXDrawerKit.h */ = {isa = PBXFileReference; lastKnownFileType = sourcecode.c.h; path = AXDrawerKit.h; sourceTree = "<group>"; };
/* End PBXFileReference section */

/* Begin PBXFrameworksBuildPhase section */
		CDCE0B1F20BC1FAA0084A21D /* Frameworks */ = {
			isa = PBXFrameworksBuildPhase;
			buildActionMask = 2147483647;
			files = (
			);
			runOnlyForDeploymentPostprocessing = 0;
		};
/* End PBXFrameworksBuildPhase section */

/* Begin PBXGroup section */
		CDCE0B1920BC1FAA0084A21D = {
			isa = PBXGroup;
			children = (
				CDCE0B2420BC1FAA0084A21D /* AXDrawerKit */,
				CDCE0B2320BC1FAA0084A21D /* Products */,
			);
			sourceTree = "<group>";
		};
		CDCE0B2320BC1FAA0084A21D /* Products */ = {
			isa = PBXGroup;
			children = (
				CDCE0B2220BC1FAA0084A21D /* AXDrawerKit.app */,
			);
			name = Products;
			sourceTree = "<group>";
		};
		CDCE0B2420BC1FAA0084A21D /* AXDrawerKit */ = {
			isa = PBXGroup;
			children = (
				CDCE0B2520BC1FAA0084A21D /* AppDelegate.h */,
				CDCE0B2620BC1FAA0084A21D /* AppDelegate.m */,
				CDCE0B3B20BC1FE40084A21D /* AXDrawerKit */,
				CDCE0B2820BC1FAA0084A21D /* ViewController.h */,
				CDCE0B2920BC1FAA0084A21D /* ViewController.m */,
				CDCE0B2B20BC1FAA0084A21D /* Main.storyboard */,
				CDCE0B2E20BC1FAB0084A21D /* Assets.xcassets */,
				CDCE0B3020BC1FAB0084A21D /* LaunchScreen.storyboard */,
				CDCE0B3320BC1FAB0084A21D /* Info.plist */,
				CDCE0B3420BC1FAB0084A21D /* main.m */,
			);
			path = AXDrawerKit;
			sourceTree = "<group>";
		};
		CDCE0B3B20BC1FE40084A21D /* AXDrawerKit */ = {
			isa = PBXGroup;
			children = (
				CDCE0B3F20BC20200084A21D /* AXDrawerKit.h */,
				CDCE0B3D20BC200C0084A21D /* UIViewController+AXDrawerKit.h */,
				CDCE0B3C20BC200C0084A21D /* UIViewController+AXDrawerKit.m */,
			);
			path = AXDrawerKit;
			sourceTree = "<group>";
		};
/* End PBXGroup section */

/* Begin PBXNativeTarget section */
		CDCE0B2120BC1FAA0084A21D /* AXDrawerKit */ = {
			isa = PBXNativeTarget;
			buildConfigurationList = CDCE0B3820BC1FAB0084A21D /* Build configuration list for PBXNativeTarget "AXDrawerKit" */;
			buildPhases = (
				CDCE0B1E20BC1FAA0084A21D /* Sources */,
				CDCE0B1F20BC1FAA0084A21D /* Frameworks */,
				CDCE0B2020BC1FAA0084A21D /* Resources */,
			);
			buildRules = (
			);
			dependencies = (
			);
			name = AXDrawerKit;
			productName = AXDrawerKit;
			productReference = CDCE0B2220BC1FAA0084A21D /* AXDrawerKit.app */;
			productType = "com.apple.product-type.application";
		};
/* End PBXNativeTarget section */

/* Begin PBXProject section */
		CDCE0B1A20BC1FAA0084A21D /* Project object */ = {
			isa = PBXProject;
			attributes = {
				LastUpgradeCheck = 0930;
				ORGANIZATIONNAME = "Titan Studio";
				TargetAttributes = {
					CDCE0B2120BC1FAA0084A21D = {
						CreatedOnToolsVersion = 9.3;
					};
				};
			};
			buildConfigurationList = CDCE0B1D20BC1FAA0084A21D /* Build configuration list for PBXProject "AXDrawerKit" */;
			compatibilityVersion = "Xcode 9.3";
			developmentRegion = en;
			hasScannedForEncodings = 0;
			knownRegions = (
				en,
				Base,
			);
			mainGroup = CDCE0B1920BC1FAA0084A21D;
			productRefGroup = CDCE0B2320BC1FAA0084A21D /* Products */;
			projectDirPath = "";
			projectRoot = "";
			targets = (
				CDCE0B2120BC1FAA0084A21D /* AXDrawerKit */,
			);
		};
/* End PBXProject section */

/* Begin PBXResourcesBuildPhase section */
		CDCE0B2020BC1FAA0084A21D /* Resources */ = {
			isa = PBXResourcesBuildPhase;
			buildActionMask = 2147483647;
			files = (
				CDCE0B3220BC1FAB0084A21D /* LaunchScreen.storyboard in Resources */,
				CDCE0B2F20BC1FAB0084A21D /* Assets.xcassets in Resources */,
				CDCE0B2D20BC1FAA0084A21D /* Main.storyboard in Resources */,
			);
			runOnlyForDeploymentPostprocessing = 0;
		};
/* End PBXResourcesBuildPhase section */

/* Begin PBXSourcesBuildPhase section */
		CDCE0B1E20BC1FAA0084A21D /* Sources */ = {
			isa = PBXSourcesBuildPhase;
			buildActionMask = 2147483647;
			files = (
				CDCE0B2A20BC1FAA0084A21D /* ViewController.m in Sources */,
				CDCE0B3520BC1FAB0084A21D /* main.m in Sources */,
				CDCE0B2720BC1FAA0084A21D /* AppDelegate.m in Sources */,
				CDCE0B3E20BC200C0084A21D /* UIViewController+AXDrawerKit.m in Sources */,
			);
			runOnlyForDeploymentPostprocessing = 0;
		};
/* End PBXSourcesBuildPhase section */

/* Begin PBXVariantGroup section */
		CDCE0B2B20BC1FAA0084A21D /* Main.storyboard */ = {
			isa = PBXVariantGroup;
			children = (
				CDCE0B2C20BC1FAA0084A21D /* Base */,
			);
			name = Main.storyboard;
			sourceTree = "<group>";
		};
		CDCE0B3020BC1FAB0084A21D /* LaunchScreen.storyboard */ = {
			isa = PBXVariantGroup;
			children = (
				CDCE0B3120BC1FAB0084A21D /* Base */,
			);
			name = LaunchScreen.storyboard;
			sourceTree = "<group>";
		};
/* End PBXVariantGroup section */

/* Begin XCBuildConfiguration section */
		CDCE0B3620BC1FAB0084A21D /* Debug */ = {
			isa = XCBuildConfiguration;
			buildSettings = {
				ALWAYS_SEARCH_USER_PATHS = NO;
				CLANG_ANALYZER_NONNULL = YES;
				CLANG_ANALYZER_NUMBER_OBJECT_CONVERSION = YES_AGGRESSIVE;
				CLANG_CXX_LANGUAGE_STANDARD = "gnu++14";
				CLANG_CXX_LIBRARY = "libc++";
				CLANG_ENABLE_MODULES = YES;
				CLANG_ENABLE_OBJC_ARC = YES;
				CLANG_ENABLE_OBJC_WEAK = YES;
				CLANG_WARN_BLOCK_CAPTURE_AUTORELEASING = YES;
				CLANG_WARN_BOOL_CONVERSION = YES;
				CLANG_WARN_COMMA = YES;
				CLANG_WARN_CONSTANT_CONVERSION = YES;
				CLANG_WARN_DEPRECATED_OBJC_IMPLEMENTATIONS = YES;
				CLANG_WARN_DIRECT_OBJC_ISA_USAGE = YES_ERROR;
				CLANG_WARN_DOCUMENTATION_COMMENTS = YES;
				CLANG_WARN_EMPTY_BODY = YES;
				CLANG_WARN_ENUM_CONVERSION = YES;
				CLANG_WARN_INFINITE_RECURSION = YES;
				CLANG_WARN_INT_CONVERSION = YES;
				CLANG_WARN_NON_LITERAL_NULL_CONVERSION = YES;
				CLANG_WARN_OBJC_IMPLICIT_RETAIN_SELF = YES;
				CLANG_WARN_OBJC_LITERAL_CONVERSION = YES;
				CLANG_WARN_OBJC_ROOT_CLASS = YES_ERROR;
				CLANG_WARN_RANGE_LOOP_ANALYSIS = YES;
				CLANG_WARN_STRICT_PROTOTYPES = YES;
				CLANG_WARN_SUSPICIOUS_MOVE = YES;
				CLANG_WARN_UNGUARDED_AVAILABILITY = YES_AGGRESSIVE;
				CLANG_WARN_UNREACHABLE_CODE = YES;
				CLANG_WARN__DUPLICATE_METHOD_MATCH = YES;
				CODE_SIGN_IDENTITY = "iPhone Developer";
				COPY_PHASE_STRIP = NO;
				DEBUG_INFORMATION_FORMAT = dwarf;
				ENABLE_STRICT_OBJC_MSGSEND = YES;
				ENABLE_TESTABILITY = YES;
				GCC_C_LANGUAGE_STANDARD = gnu11;
				GCC_DYNAMIC_NO_PIC = NO;
				GCC_NO_COMMON_BLOCKS = YES;
				GCC_OPTIMIZATION_LEVEL = 0;
				GCC_PREPROCESSOR_DEFINITIONS = (
					"DEBUG=1",
					"$(inherited)",
				);
				GCC_WARN_64_TO_32_BIT_CONVERSION = YES;
				GCC_WARN_ABOUT_RETURN_TYPE = YES_ERROR;
				GCC_WARN_UNDECLARED_SELECTOR = YES;
				GCC_WARN_UNINITIALIZED_AUTOS = YES_AGGRESSIVE;
				GCC_WARN_UNUSED_FUNCTION = YES;
				GCC_WARN_UNUSED_VARIABLE = YES;
				IPHONEOS_DEPLOYMENT_TARGET = 8.0;
				MTL_ENABLE_DEBUG_INFO = YES;
				ONLY_ACTIVE_ARCH = YES;
				SDKROOT = iphoneos;
			};
			name = Debug;
		};
		CDCE0B3720BC1FAB0084A21D /* Release */ = {
			isa = XCBuildConfiguration;
			buildSettings = {
				ALWAYS_SEARCH_USER_PATHS = NO;
				CLANG_ANALYZER_NONNULL = YES;
				CLANG_ANALYZER_NUMBER_OBJECT_CONVERSION = YES_AGGRESSIVE;
				CLANG_CXX_LANGUAGE_STANDARD = "gnu++14";
				CLANG_CXX_LIBRARY = "libc++";
				CLANG_ENABLE_MODULES = YES;
				CLANG_ENABLE_OBJC_ARC = YES;
				CLANG_ENABLE_OBJC_WEAK = YES;
				CLANG_WARN_BLOCK_CAPTURE_AUTORELEASING = YES;
				CLANG_WARN_BOOL_CONVERSION = YES;
				CLANG_WARN_COMMA = YES;
				CLANG_WARN_CONSTANT_CONVERSION = YES;
				CLANG_WARN_DEPRECATED_OBJC_IMPLEMENTATIONS = YES;
				CLANG_WARN_DIRECT_OBJC_ISA_USAGE = YES_ERROR;
				CLANG_WARN_DOCUMENTATION_COMMENTS = YES;
				CLANG_WARN_EMPTY_BODY = YES;
				CLANG_WARN_ENUM_CONVERSION = YES;
				CLANG_WARN_INFINITE_RECURSION = YES;
				CLANG_WARN_INT_CONVERSION = YES;
				CLANG_WARN_NON_LITERAL_NULL_CONVERSION = YES;
				CLANG_WARN_OBJC_IMPLICIT_RETAIN_SELF = YES;
				CLANG_WARN_OBJC_LITERAL_CONVERSION = YES;
				CLANG_WARN_OBJC_ROOT_CLASS = YES_ERROR;
				CLANG_WARN_RANGE_LOOP_ANALYSIS = YES;
				CLANG_WARN_STRICT_PROTOTYPES = YES;
				CLANG_WARN_SUSPICIOUS_MOVE = YES;
				CLANG_WARN_UNGUARDED_AVAILABILITY = YES_AGGRESSIVE;
				CLANG_WARN_UNREACHABLE_CODE = YES;
				CLANG_WARN__DUPLICATE_METHOD_MATCH = YES;
				CODE_SIGN_IDENTITY = "iPhone Developer";
				COPY_PHASE_STRIP = NO;
				DEBUG_INFORMATION_FORMAT = "dwarf-with-dsym";
				ENABLE_NS_ASSERTIONS = NO;
				ENABLE_STRICT_OBJC_MSGSEND = YES;
				GCC_C_LANGUAGE_STANDARD = gnu11;
				GCC_NO_COMMON_BLOCKS = YES;
				GCC_WARN_64_TO_32_BIT_CONVERSION = YES;
				GCC_WARN_ABOUT_RETURN_TYPE = YES_ERROR;
				GCC_WARN_UNDECLARED_SELECTOR = YES;
				GCC_WARN_UNINITIALIZED_AUTOS = YES_AGGRESSIVE;
				GCC_WARN_UNUSED_FUNCTION = YES;
				GCC_WARN_UNUSED_VARIABLE = YES;
				IPHONEOS_DEPLOYMENT_TARGET = 8.0;
				MTL_ENABLE_DEBUG_INFO = NO;
				SDKROOT = iphoneos;
				VALIDATE_PRODUCT = YES;
			};
			name = Release;
		};
		CDCE0B3920BC1FAB0084A21D /* Debug */ = {
			isa = XCBuildConfiguration;
			buildSettings = {
				ASSETCATALOG_COMPILER_APPICON_NAME = AppIcon;
				CODE_SIGN_STYLE = Manual;
				DEVELOPMENT_TEAM = 34W5TB5KD2;
				INFOPLIST_FILE = AXDrawerKit/Info.plist;
				LD_RUNPATH_SEARCH_PATHS = (
					"$(inherited)",
					"@executable_path/Frameworks",
				);
				PRODUCT_BUNDLE_IDENTIFIER = com.xaoxuu.AXDrawerKit;
				PRODUCT_NAME = "$(TARGET_NAME)";
				PROVISIONING_PROFILE = "b3cc7f2e-794b-4893-9a3d-07eec01e9330";
				PROVISIONING_PROFILE_SPECIFIER = "Dev All";
				TARGETED_DEVICE_FAMILY = "1,2";
			};
			name = Debug;
		};
		CDCE0B3A20BC1FAB0084A21D /* Release */ = {
			isa = XCBuildConfiguration;
			buildSettings = {
				ASSETCATALOG_COMPILER_APPICON_NAME = AppIcon;
				CODE_SIGN_STYLE = Manual;
				DEVELOPMENT_TEAM = 34W5TB5KD2;
				INFOPLIST_FILE = AXDrawerKit/Info.plist;
				LD_RUNPATH_SEARCH_PATHS = (
					"$(inherited)",
					"@executable_path/Frameworks",
				);
				PRODUCT_BUNDLE_IDENTIFIER = com.xaoxuu.AXDrawerKit;
				PRODUCT_NAME = "$(TARGET_NAME)";
				PROVISIONING_PROFILE = "b3cc7f2e-794b-4893-9a3d-07eec01e9330";
				PROVISIONING_PROFILE_SPECIFIER = "Dev All";
				TARGETED_DEVICE_FAMILY = "1,2";
			};
			name = Release;
		};
/* End XCBuildConfiguration section */

/* Begin XCConfigurationList section */
		CDCE0B1D20BC1FAA0084A21D /* Build configuration list for PBXProject "AXDrawerKit" */ = {
			isa = XCConfigurationList;
			buildConfigurations = (
				CDCE0B3620BC1FAB0084A21D /* Debug */,
				CDCE0B3720BC1FAB0084A21D /* Release */,
			);
			defaultConfigurationIsVisible = 0;
			defaultConfigurationName = Release;
		};
		CDCE0B3820BC1FAB0084A21D /* Build configuration list for PBXNativeTarget "AXDrawerKit" */ = {
			isa = XCConfigurationList;
			buildConfigurations = (
				CDCE0B3920BC1FAB0084A21D /* Debug */,
				CDCE0B3A20BC1FAB0084A21D /* Release */,
			);
			defaultConfigurationIsVisible = 0;
			defaultConfigurationName = Release;
		};
/* End XCConfigurationList section */
	};
	rootObject = CDCE0B1A20BC1FAA0084A21D /* Project object */;
}
